// !$*UTF8*$!
{
	archiveVersion = 1;
	classes = {
	};
	objectVersion = 77;
	objects = {

/* Begin PBXBuildFile section */
		0A0677F92D9FF134003F78F1 /* CompleteTestPlan.xctestplan in Resources */ = {isa = PBXBuildFile; fileRef = 0A0677F82D9FF134003F78F1 /* CompleteTestPlan.xctestplan */; };
		0A2EDC002D76E70100B57CEA /* UITestPlan.xctestplan in Resources */ = {isa = PBXBuildFile; fileRef = 0A2EDBFF2D76E70100B57CEA /* UITestPlan.xctestplan */; };
		0AB2AA892D63E08A00FDF38D /* FirebaseAuth in Frameworks */ = {isa = PBXBuildFile; productRef = 0AB2AA882D63E08A00FDF38D /* FirebaseAuth */; };
		0AB2AA8B2D63E09000FDF38D /* GoogleSignIn in Frameworks */ = {isa = PBXBuildFile; productRef = 0AB2AA8A2D63E09000FDF38D /* GoogleSignIn */; };
		0ACDE0F22D6F0B2000BF912B /* IntegrationTestPlan.xctestplan in Resources */ = {isa = PBXBuildFile; fileRef = 0ACDE0F12D6F0B2000BF912B /* IntegrationTestPlan.xctestplan */; };
		428DEFB62CCB95220054AB9C /* FirebaseAnalytics in Frameworks */ = {isa = PBXBuildFile; productRef = 428DEFB52CCB95220054AB9C /* FirebaseAnalytics */; };
		42B7F6BE2CDA1169006AB516 /* GoogleSignIn in Frameworks */ = {isa = PBXBuildFile; productRef = 42B7F6BD2CDA1169006AB516 /* GoogleSignIn */; };
		42B7F6C02CDA1169006AB516 /* GoogleSignInSwift in Frameworks */ = {isa = PBXBuildFile; productRef = 42B7F6BF2CDA1169006AB516 /* GoogleSignInSwift */; };
		42EA5EAD2CCBF7540080B8F8 /* FirebaseAuth in Frameworks */ = {isa = PBXBuildFile; productRef = 42EA5EAC2CCBF7540080B8F8 /* FirebaseAuth */; };
/* End PBXBuildFile section */

/* Begin PBXContainerItemProxy section */
		0AB2AA832D63E08000FDF38D /* PBXContainerItemProxy */ = {
			isa = PBXContainerItemProxy;
			containerPortal = 0A1576782CA459AC00EE99BC /* Project object */;
			proxyType = 1;
			remoteGlobalIDString = 0A15767F2CA459AC00EE99BC;
			remoteInfo = GreenJourney;
		};
		0ACDE0E12D6F0A1300BF912B /* PBXContainerItemProxy */ = {
			isa = PBXContainerItemProxy;
			containerPortal = 0A1576782CA459AC00EE99BC /* Project object */;
			proxyType = 1;
			remoteGlobalIDString = 0A15767F2CA459AC00EE99BC;
			remoteInfo = GreenJourney;
		};
		0AD1F04E2D099709001A8464 /* PBXContainerItemProxy */ = {
			isa = PBXContainerItemProxy;
			containerPortal = 0A1576782CA459AC00EE99BC /* Project object */;
			proxyType = 1;
			remoteGlobalIDString = 0A15767F2CA459AC00EE99BC;
			remoteInfo = GreenJourney;
		};
/* End PBXContainerItemProxy section */

/* Begin PBXFileReference section */
		0A0677F82D9FF134003F78F1 /* CompleteTestPlan.xctestplan */ = {isa = PBXFileReference; lastKnownFileType = text; path = CompleteTestPlan.xctestplan; sourceTree = "<group>"; };
		0A1576802CA459AC00EE99BC /* GreenJourney.app */ = {isa = PBXFileReference; explicitFileType = wrapper.application; includeInIndex = 0; path = GreenJourney.app; sourceTree = BUILT_PRODUCTS_DIR; };
		0A2EDBFC2D76E48F00B57CEA /* UnitTestPlan.xctestplan */ = {isa = PBXFileReference; lastKnownFileType = text; path = UnitTestPlan.xctestplan; sourceTree = "<group>"; };
		0A2EDBFF2D76E70100B57CEA /* UITestPlan.xctestplan */ = {isa = PBXFileReference; lastKnownFileType = text; path = UITestPlan.xctestplan; sourceTree = "<group>"; };
		0AB2AA7D2D63E08000FDF38D /* GreenJourneyUITests.xctest */ = {isa = PBXFileReference; explicitFileType = wrapper.cfbundle; includeInIndex = 0; path = GreenJourneyUITests.xctest; sourceTree = BUILT_PRODUCTS_DIR; };
		0ACDE0DD2D6F0A1300BF912B /* GreenJourneyIntegrationTests.xctest */ = {isa = PBXFileReference; explicitFileType = wrapper.cfbundle; includeInIndex = 0; path = GreenJourneyIntegrationTests.xctest; sourceTree = BUILT_PRODUCTS_DIR; };
		0ACDE0F12D6F0B2000BF912B /* IntegrationTestPlan.xctestplan */ = {isa = PBXFileReference; lastKnownFileType = text; path = IntegrationTestPlan.xctestplan; sourceTree = "<group>"; };
		0AD1F04A2D099709001A8464 /* GreenJourneyUnitTests.xctest */ = {isa = PBXFileReference; explicitFileType = wrapper.cfbundle; includeInIndex = 0; path = GreenJourneyUnitTests.xctest; sourceTree = BUILT_PRODUCTS_DIR; };
/* End PBXFileReference section */

/* Begin PBXFileSystemSynchronizedBuildFileExceptionSet section */
		0AB2AA8D2D63E0A500FDF38D /* Exceptions for "GreenJourney" folder in "GreenJourneyUITests" target */ = {
			isa = PBXFileSystemSynchronizedBuildFileExceptionSet;
			membershipExceptions = (
				Config.plist,
				Features/Authentication/UITests/EmailVerificationViewUITest.swift,
				Features/Authentication/UITests/LoginViewUITest.swift,
				Features/Authentication/UITests/SignUpViewUITest.swift,
				Features/CityReviews/UITests/AllReviewsViewUITest.swift,
				Features/CityReviews/UITests/CitiesReviewsViewUITest.swift,
				Features/CityReviews/UITests/CityReviewsDetailsViewUITest.swift,
				Features/Completer/UITests/CompleterViewUITest.swift,
				Features/Dashboard/UITests/DashboardViewUITest.swift,
				Features/DestinationPrediction/UITests/DestinationPredictionUITest.swift,
				Features/MyTravels/UITests/MyTravelsViewUITest.swift,
				Features/MyTravels/UITests/TravelDetailsViewUITest.swift,
				Features/Ranking/UITests/RankingLeaderBoardViewUITest.swift,
				Features/Ranking/UITests/RankingViewUITest.swift,
				Features/Ranking/UITests/UserDetailsRankingViewUITest.swift,
				Features/TravelSearch/UITests/OptionDetailsViewUITest.swift,
				Features/TravelSearch/UITests/OutwardOptionsViewUITest.swift,
				Features/TravelSearch/UITests/ReturnOptionsViewUITest.swift,
				Features/TravelSearch/UITests/TravelSearchViewUITest.swift,
				Features/UserPreferences/UITests/UserPreferencesViewUITest.swift,
				Utilities/UITestsDeviceSize.swift,
			);
			target = 0AB2AA7C2D63E08000FDF38D /* GreenJourneyUITests */;
		};
		0ACDE0E72D6F0A2800BF912B /* Exceptions for "GreenJourney" folder in "GreenJourneyIntegrationTests" target */ = {
			isa = PBXFileSystemSynchronizedBuildFileExceptionSet;
			membershipExceptions = (
				Features/Authentication/IntegrationTests/AuthenticationViewModelIntegrationTest.swift,
				Features/CityReviews/IntegrationTests/CitiesReviewsViewModelIntegrationTest.swift,
				Features/Dashboard/IntegrationTests/DashboardViewModelIntegrationTest.swift,
				Features/DestinationPrediction/IntegrationTests/DestinationPredictionViewModelIntegrationTest.swift,
				Features/MyTravels/IntegrationTests/MyTravelsViewModelIntegrationTest.swift,
				Features/Ranking/IntegrationTests/RankingViewModelIntegrationTest.swift,
				Features/TravelSearch/IntegrationTests/TravelSearchViewModelIntegrationTest.swift,
				Features/UserPreferences/IntegrationTests/UserPreferencesViewModelIntegrationTest.swift,
			);
			target = 0ACDE0DC2D6F0A1300BF912B /* GreenJourneyIntegrationTests */;
		};
		0AD1F0572D099766001A8464 /* Exceptions for "GreenJourney" folder in "GreenJourneyUnitTests" target */ = {
			isa = PBXFileSystemSynchronizedBuildFileExceptionSet;
			membershipExceptions = (
				Features/Authentication/UnitTests/AuthenticationViewModelUnitTest.swift,
				Features/CityReviews/UnitTests/CitiesReviewsViewModelUnitTest.swift,
				Features/Completer/UnitTests/CompleterViewModelUnitTest.swift,
				Features/Dashboard/UnitTests/DashboardViewModelUnitTest.swift,
				Features/DestinationPrediction/UnitTests/DestinationPredictionViewModelUnitTest.swift,
				Features/MyTravels/UnitTests/MyTravelsViewModelUnitTest.swift,
				Features/Ranking/UnitTests/RankingResponseUnitTest.swift,
				Features/Ranking/UnitTests/RankingViewModelUnitTest.swift,
				Features/TravelSearch/UnitTests/TravelOptionUnitTest.swift,
				Features/TravelSearch/UnitTests/TravelSearchViewModelUnitTest.swift,
				Features/UserPreferences/UnitTests/UserPreferencesViewModelUnitTest.swift,
				Model/UnitTests/BadgeUnitTest.swift,
				Model/UnitTests/CityCompleterDatasetUnitTest.swift,
				Model/UnitTests/CityFeaturesUnitTest.swift,
				Model/UnitTests/CityReviewElementUnitTest.swift,
				Model/UnitTests/ReviewUnitTest.swift,
				Model/UnitTests/SegmentUnitTest.swift,
				Model/UnitTests/TravelDetailsUnitTest.swift,
				Model/UnitTests/TravelUnitTest.swift,
				Model/UnitTests/UserUnitTest.swift,
				NavigationHandler/Tests/NavigationDestinationTest.swift,
			);
			target = 0AD1F0492D099709001A8464 /* GreenJourneyUnitTests */;
		};
		422A00902CD188B200EF280D /* Exceptions for "GreenJourney" folder in "GreenJourney" target */ = {
			isa = PBXFileSystemSynchronizedBuildFileExceptionSet;
			membershipExceptions = (
				Features/Authentication/IntegrationTests/AuthenticationViewModelIntegrationTest.swift,
				Features/Authentication/UITests/EmailVerificationViewUITest.swift,
				Features/Authentication/UITests/LoginViewUITest.swift,
				Features/Authentication/UITests/SignUpViewUITest.swift,
				Features/Authentication/UnitTests/AuthenticationViewModelUnitTest.swift,
				Features/CityReviews/IntegrationTests/CitiesReviewsViewModelIntegrationTest.swift,
				Features/CityReviews/UITests/AllReviewsViewUITest.swift,
				Features/CityReviews/UITests/CitiesReviewsViewUITest.swift,
				Features/CityReviews/UITests/CityReviewsDetailsViewUITest.swift,
				Features/CityReviews/UnitTests/CitiesReviewsViewModelUnitTest.swift,
				Features/Completer/UITests/CompleterViewUITest.swift,
				Features/Completer/UnitTests/CompleterViewModelUnitTest.swift,
				Features/Dashboard/IntegrationTests/DashboardViewModelIntegrationTest.swift,
				Features/Dashboard/UITests/DashboardViewUITest.swift,
				Features/Dashboard/UnitTests/DashboardViewModelUnitTest.swift,
				Features/DestinationPrediction/IntegrationTests/DestinationPredictionViewModelIntegrationTest.swift,
				Features/DestinationPrediction/UITests/DestinationPredictionUITest.swift,
				Features/DestinationPrediction/UnitTests/DestinationPredictionViewModelUnitTest.swift,
				Features/MyTravels/IntegrationTests/MyTravelsViewModelIntegrationTest.swift,
				Features/MyTravels/UITests/MyTravelsViewUITest.swift,
				Features/MyTravels/UITests/TravelDetailsViewUITest.swift,
				Features/MyTravels/UnitTests/MyTravelsViewModelUnitTest.swift,
				Features/Ranking/IntegrationTests/RankingViewModelIntegrationTest.swift,
				Features/Ranking/UITests/RankingLeaderBoardViewUITest.swift,
				Features/Ranking/UITests/RankingViewUITest.swift,
				Features/Ranking/UITests/UserDetailsRankingViewUITest.swift,
				Features/Ranking/UnitTests/RankingResponseUnitTest.swift,
				Features/Ranking/UnitTests/RankingViewModelUnitTest.swift,
				Features/TravelSearch/IntegrationTests/TravelSearchViewModelIntegrationTest.swift,
				Features/TravelSearch/UITests/OptionDetailsViewUITest.swift,
				Features/TravelSearch/UITests/OutwardOptionsViewUITest.swift,
				Features/TravelSearch/UITests/ReturnOptionsViewUITest.swift,
				Features/TravelSearch/UITests/TravelSearchViewUITest.swift,
				Features/TravelSearch/UnitTests/TravelOptionUnitTest.swift,
				Features/TravelSearch/UnitTests/TravelSearchViewModelUnitTest.swift,
				Features/UserPreferences/IntegrationTests/UserPreferencesViewModelIntegrationTest.swift,
				Features/UserPreferences/UITests/UserPreferencesViewUITest.swift,
				Features/UserPreferences/UnitTests/UserPreferencesViewModelUnitTest.swift,
				Info.plist,
				Model/UnitTests/BadgeUnitTest.swift,
				Model/UnitTests/CityCompleterDatasetUnitTest.swift,
				Model/UnitTests/CityFeaturesUnitTest.swift,
				Model/UnitTests/CityReviewElementUnitTest.swift,
				Model/UnitTests/ReviewUnitTest.swift,
				Model/UnitTests/SegmentUnitTest.swift,
				Model/UnitTests/TravelDetailsUnitTest.swift,
				Model/UnitTests/TravelUnitTest.swift,
				Model/UnitTests/UserUnitTest.swift,
				NavigationHandler/Tests/NavigationDestinationTest.swift,
				Utilities/UITestsDeviceSize.swift,
			);
			target = 0A15767F2CA459AC00EE99BC /* GreenJourney */;
		};
/* End PBXFileSystemSynchronizedBuildFileExceptionSet section */

/* Begin PBXFileSystemSynchronizedRootGroup section */
		0A1576822CA459AC00EE99BC /* GreenJourney */ = {
			isa = PBXFileSystemSynchronizedRootGroup;
			exceptions = (
				422A00902CD188B200EF280D /* Exceptions for "GreenJourney" folder in "GreenJourney" target */,
				0AD1F0572D099766001A8464 /* Exceptions for "GreenJourney" folder in "GreenJourneyUnitTests" target */,
				0AB2AA8D2D63E0A500FDF38D /* Exceptions for "GreenJourney" folder in "GreenJourneyUITests" target */,
				0ACDE0E72D6F0A2800BF912B /* Exceptions for "GreenJourney" folder in "GreenJourneyIntegrationTests" target */,
			);
			path = GreenJourney;
			sourceTree = "<group>";
		};
/* End PBXFileSystemSynchronizedRootGroup section */

/* Begin PBXFrameworksBuildPhase section */
		0A15767D2CA459AC00EE99BC /* Frameworks */ = {
			isa = PBXFrameworksBuildPhase;
			buildActionMask = 2147483647;
			files = (
				428DEFB62CCB95220054AB9C /* FirebaseAnalytics in Frameworks */,
				42EA5EAD2CCBF7540080B8F8 /* FirebaseAuth in Frameworks */,
				42B7F6BE2CDA1169006AB516 /* GoogleSignIn in Frameworks */,
				42B7F6C02CDA1169006AB516 /* GoogleSignInSwift in Frameworks */,
			);
			runOnlyForDeploymentPostprocessing = 0;
		};
		0AB2AA7A2D63E08000FDF38D /* Frameworks */ = {
			isa = PBXFrameworksBuildPhase;
			buildActionMask = 2147483647;
			files = (
				0AB2AA892D63E08A00FDF38D /* FirebaseAuth in Frameworks */,
				0AB2AA8B2D63E09000FDF38D /* GoogleSignIn in Frameworks */,
			);
			runOnlyForDeploymentPostprocessing = 0;
		};
		0ACDE0DA2D6F0A1300BF912B /* Frameworks */ = {
			isa = PBXFrameworksBuildPhase;
			buildActionMask = 2147483647;
			files = (
			);
			runOnlyForDeploymentPostprocessing = 0;
		};
		0AD1F0472D099709001A8464 /* Frameworks */ = {
			isa = PBXFrameworksBuildPhase;
			buildActionMask = 2147483647;
			files = (
			);
			runOnlyForDeploymentPostprocessing = 0;
		};
/* End PBXFrameworksBuildPhase section */

/* Begin PBXGroup section */
		0A1576772CA459AC00EE99BC = {
			isa = PBXGroup;
			children = (
				0A0677F82D9FF134003F78F1 /* CompleteTestPlan.xctestplan */,
				0A2EDBFF2D76E70100B57CEA /* UITestPlan.xctestplan */,
				0A2EDBFC2D76E48F00B57CEA /* UnitTestPlan.xctestplan */,
				0ACDE0F12D6F0B2000BF912B /* IntegrationTestPlan.xctestplan */,
				0A1576822CA459AC00EE99BC /* GreenJourney */,
				0AB2A9602D63B6DB00FDF38D /* Frameworks */,
				0A1576812CA459AC00EE99BC /* Products */,
			);
			sourceTree = "<group>";
		};
		0A1576812CA459AC00EE99BC /* Products */ = {
			isa = PBXGroup;
			children = (
				0A1576802CA459AC00EE99BC /* GreenJourney.app */,
				0AD1F04A2D099709001A8464 /* GreenJourneyUnitTests.xctest */,
				0AB2AA7D2D63E08000FDF38D /* GreenJourneyUITests.xctest */,
				0ACDE0DD2D6F0A1300BF912B /* GreenJourneyIntegrationTests.xctest */,
			);
			name = Products;
			sourceTree = "<group>";
		};
		0AB2A9602D63B6DB00FDF38D /* Frameworks */ = {
			isa = PBXGroup;
			children = (
			);
			name = Frameworks;
			sourceTree = "<group>";
		};
/* End PBXGroup section */

/* Begin PBXNativeTarget section */
		0A15767F2CA459AC00EE99BC /* GreenJourney */ = {
			isa = PBXNativeTarget;
			buildConfigurationList = 0A15768E2CA459AF00EE99BC /* Build configuration list for PBXNativeTarget "GreenJourney" */;
			buildPhases = (
				0A15767C2CA459AC00EE99BC /* Sources */,
				0A15767D2CA459AC00EE99BC /* Frameworks */,
				0A15767E2CA459AC00EE99BC /* Resources */,
			);
			buildRules = (
			);
			dependencies = (
			);
			fileSystemSynchronizedGroups = (
				0A1576822CA459AC00EE99BC /* GreenJourney */,
			);
			name = GreenJourney;
			packageProductDependencies = (
				428DEFB52CCB95220054AB9C /* FirebaseAnalytics */,
				42EA5EAC2CCBF7540080B8F8 /* FirebaseAuth */,
				42B7F6BD2CDA1169006AB516 /* GoogleSignIn */,
				42B7F6BF2CDA1169006AB516 /* GoogleSignInSwift */,
			);
			productName = GreenJourney;
			productReference = 0A1576802CA459AC00EE99BC /* GreenJourney.app */;
			productType = "com.apple.product-type.application";
		};
		0AB2AA7C2D63E08000FDF38D /* GreenJourneyUITests */ = {
			isa = PBXNativeTarget;
			buildConfigurationList = 0AB2AA852D63E08000FDF38D /* Build configuration list for PBXNativeTarget "GreenJourneyUITests" */;
			buildPhases = (
				0AB2AA792D63E08000FDF38D /* Sources */,
				0AB2AA7A2D63E08000FDF38D /* Frameworks */,
				0AB2AA7B2D63E08000FDF38D /* Resources */,
			);
			buildRules = (
			);
			dependencies = (
				0AB2AA842D63E08000FDF38D /* PBXTargetDependency */,
			);
			name = GreenJourneyUITests;
			packageProductDependencies = (
				0AB2AA882D63E08A00FDF38D /* FirebaseAuth */,
				0AB2AA8A2D63E09000FDF38D /* GoogleSignIn */,
			);
			productName = GreenJourneyUITests;
			productReference = 0AB2AA7D2D63E08000FDF38D /* GreenJourneyUITests.xctest */;
			productType = "com.apple.product-type.bundle.ui-testing";
		};
		0ACDE0DC2D6F0A1300BF912B /* GreenJourneyIntegrationTests */ = {
			isa = PBXNativeTarget;
			buildConfigurationList = 0ACDE0E32D6F0A1300BF912B /* Build configuration list for PBXNativeTarget "GreenJourneyIntegrationTests" */;
			buildPhases = (
				0ACDE0D92D6F0A1300BF912B /* Sources */,
				0ACDE0DA2D6F0A1300BF912B /* Frameworks */,
				0ACDE0DB2D6F0A1300BF912B /* Resources */,
			);
			buildRules = (
			);
			dependencies = (
				0ACDE0E22D6F0A1300BF912B /* PBXTargetDependency */,
			);
			name = GreenJourneyIntegrationTests;
			packageProductDependencies = (
			);
			productName = GreenJourneyIntegrationTests;
			productReference = 0ACDE0DD2D6F0A1300BF912B /* GreenJourneyIntegrationTests.xctest */;
			productType = "com.apple.product-type.bundle.unit-test";
		};
		0AD1F0492D099709001A8464 /* GreenJourneyUnitTests */ = {
			isa = PBXNativeTarget;
			buildConfigurationList = 0AD1F0502D099709001A8464 /* Build configuration list for PBXNativeTarget "GreenJourneyUnitTests" */;
			buildPhases = (
				0AD1F0462D099709001A8464 /* Sources */,
				0AD1F0472D099709001A8464 /* Frameworks */,
				0AD1F0482D099709001A8464 /* Resources */,
			);
			buildRules = (
			);
			dependencies = (
				0AD1F04F2D099709001A8464 /* PBXTargetDependency */,
			);
			name = GreenJourneyUnitTests;
			packageProductDependencies = (
			);
			productName = GreenJourneyTests;
			productReference = 0AD1F04A2D099709001A8464 /* GreenJourneyUnitTests.xctest */;
			productType = "com.apple.product-type.bundle.unit-test";
		};
/* End PBXNativeTarget section */

/* Begin PBXProject section */
		0A1576782CA459AC00EE99BC /* Project object */ = {
			isa = PBXProject;
			attributes = {
				BuildIndependentTargetsInParallel = 1;
				LastSwiftUpdateCheck = 1620;
				LastUpgradeCheck = 1630;
				TargetAttributes = {
					0A15767F2CA459AC00EE99BC = {
						CreatedOnToolsVersion = 16.0;
					};
					0AB2AA7C2D63E08000FDF38D = {
						CreatedOnToolsVersion = 16.2;
						TestTargetID = 0A15767F2CA459AC00EE99BC;
					};
					0ACDE0DC2D6F0A1300BF912B = {
						CreatedOnToolsVersion = 16.2;
						TestTargetID = 0A15767F2CA459AC00EE99BC;
					};
					0AD1F0492D099709001A8464 = {
						CreatedOnToolsVersion = 16.1;
						TestTargetID = 0A15767F2CA459AC00EE99BC;
					};
				};
			};
			buildConfigurationList = 0A15767B2CA459AC00EE99BC /* Build configuration list for PBXProject "GreenJourney" */;
			developmentRegion = en;
			hasScannedForEncodings = 0;
			knownRegions = (
				en,
				Base,
			);
			mainGroup = 0A1576772CA459AC00EE99BC;
			minimizedProjectReferenceProxies = 1;
			packageReferences = (
				428DEFB42CCB95220054AB9C /* XCRemoteSwiftPackageReference "firebase-ios-sdk" */,
				42B7F6BC2CDA1169006AB516 /* XCRemoteSwiftPackageReference "GoogleSignIn-iOS" */,
			);
			preferredProjectObjectVersion = 77;
			productRefGroup = 0A1576812CA459AC00EE99BC /* Products */;
			projectDirPath = "";
			projectRoot = "";
			targets = (
				0A15767F2CA459AC00EE99BC /* GreenJourney */,
				0AD1F0492D099709001A8464 /* GreenJourneyUnitTests */,
				0AB2AA7C2D63E08000FDF38D /* GreenJourneyUITests */,
				0ACDE0DC2D6F0A1300BF912B /* GreenJourneyIntegrationTests */,
			);
		};
/* End PBXProject section */

/* Begin PBXResourcesBuildPhase section */
		0A15767E2CA459AC00EE99BC /* Resources */ = {
			isa = PBXResourcesBuildPhase;
			buildActionMask = 2147483647;
			files = (
				0A0677F92D9FF134003F78F1 /* CompleteTestPlan.xctestplan in Resources */,
				0A2EDC002D76E70100B57CEA /* UITestPlan.xctestplan in Resources */,
				0ACDE0F22D6F0B2000BF912B /* IntegrationTestPlan.xctestplan in Resources */,
			);
			runOnlyForDeploymentPostprocessing = 0;
		};
		0AB2AA7B2D63E08000FDF38D /* Resources */ = {
			isa = PBXResourcesBuildPhase;
			buildActionMask = 2147483647;
			files = (
			);
			runOnlyForDeploymentPostprocessing = 0;
		};
		0ACDE0DB2D6F0A1300BF912B /* Resources */ = {
			isa = PBXResourcesBuildPhase;
			buildActionMask = 2147483647;
			files = (
			);
			runOnlyForDeploymentPostprocessing = 0;
		};
		0AD1F0482D099709001A8464 /* Resources */ = {
			isa = PBXResourcesBuildPhase;
			buildActionMask = 2147483647;
			files = (
			);
			runOnlyForDeploymentPostprocessing = 0;
		};
/* End PBXResourcesBuildPhase section */

/* Begin PBXSourcesBuildPhase section */
		0A15767C2CA459AC00EE99BC /* Sources */ = {
			isa = PBXSourcesBuildPhase;
			buildActionMask = 2147483647;
			files = (
			);
			runOnlyForDeploymentPostprocessing = 0;
		};
		0AB2AA792D63E08000FDF38D /* Sources */ = {
			isa = PBXSourcesBuildPhase;
			buildActionMask = 2147483647;
			files = (
			);
			runOnlyForDeploymentPostprocessing = 0;
		};
		0ACDE0D92D6F0A1300BF912B /* Sources */ = {
			isa = PBXSourcesBuildPhase;
			buildActionMask = 2147483647;
			files = (
			);
			runOnlyForDeploymentPostprocessing = 0;
		};
		0AD1F0462D099709001A8464 /* Sources */ = {
			isa = PBXSourcesBuildPhase;
			buildActionMask = 2147483647;
			files = (
			);
			runOnlyForDeploymentPostprocessing = 0;
		};
/* End PBXSourcesBuildPhase section */

/* Begin PBXTargetDependency section */
		0AB2AA842D63E08000FDF38D /* PBXTargetDependency */ = {
			isa = PBXTargetDependency;
			target = 0A15767F2CA459AC00EE99BC /* GreenJourney */;
			targetProxy = 0AB2AA832D63E08000FDF38D /* PBXContainerItemProxy */;
		};
		0ACDE0E22D6F0A1300BF912B /* PBXTargetDependency */ = {
			isa = PBXTargetDependency;
			target = 0A15767F2CA459AC00EE99BC /* GreenJourney */;
			targetProxy = 0ACDE0E12D6F0A1300BF912B /* PBXContainerItemProxy */;
		};
		0AD1F04F2D099709001A8464 /* PBXTargetDependency */ = {
			isa = PBXTargetDependency;
			target = 0A15767F2CA459AC00EE99BC /* GreenJourney */;
			targetProxy = 0AD1F04E2D099709001A8464 /* PBXContainerItemProxy */;
		};
/* End PBXTargetDependency section */

/* Begin XCBuildConfiguration section */
		0A15768C2CA459AF00EE99BC /* Debug */ = {
			isa = XCBuildConfiguration;
			buildSettings = {
				ALWAYS_SEARCH_USER_PATHS = NO;
				ASSETCATALOG_COMPILER_GENERATE_SWIFT_ASSET_SYMBOL_EXTENSIONS = YES;
				CLANG_ANALYZER_NONNULL = YES;
				CLANG_ANALYZER_NUMBER_OBJECT_CONVERSION = YES_AGGRESSIVE;
				CLANG_CXX_LANGUAGE_STANDARD = "gnu++20";
				CLANG_ENABLE_MODULES = YES;
				CLANG_ENABLE_OBJC_ARC = YES;
				CLANG_ENABLE_OBJC_WEAK = YES;
				CLANG_WARN_BLOCK_CAPTURE_AUTORELEASING = YES;
				CLANG_WARN_BOOL_CONVERSION = YES;
				CLANG_WARN_COMMA = YES;
				CLANG_WARN_CONSTANT_CONVERSION = YES;
				CLANG_WARN_DEPRECATED_OBJC_IMPLEMENTATIONS = YES;
				CLANG_WARN_DIRECT_OBJC_ISA_USAGE = YES_ERROR;
				CLANG_WARN_DOCUMENTATION_COMMENTS = YES;
				CLANG_WARN_EMPTY_BODY = YES;
				CLANG_WARN_ENUM_CONVERSION = YES;
				CLANG_WARN_INFINITE_RECURSION = YES;
				CLANG_WARN_INT_CONVERSION = YES;
				CLANG_WARN_NON_LITERAL_NULL_CONVERSION = YES;
				CLANG_WARN_OBJC_IMPLICIT_RETAIN_SELF = YES;
				CLANG_WARN_OBJC_LITERAL_CONVERSION = YES;
				CLANG_WARN_OBJC_ROOT_CLASS = YES_ERROR;
				CLANG_WARN_QUOTED_INCLUDE_IN_FRAMEWORK_HEADER = YES;
				CLANG_WARN_RANGE_LOOP_ANALYSIS = YES;
				CLANG_WARN_STRICT_PROTOTYPES = YES;
				CLANG_WARN_SUSPICIOUS_MOVE = YES;
				CLANG_WARN_UNGUARDED_AVAILABILITY = YES_AGGRESSIVE;
				CLANG_WARN_UNREACHABLE_CODE = YES;
				CLANG_WARN__DUPLICATE_METHOD_MATCH = YES;
				COPY_PHASE_STRIP = NO;
				DEBUG_INFORMATION_FORMAT = dwarf;
				ENABLE_STRICT_OBJC_MSGSEND = YES;
				ENABLE_TESTABILITY = YES;
				ENABLE_USER_SCRIPT_SANDBOXING = YES;
				GCC_C_LANGUAGE_STANDARD = gnu17;
				GCC_DYNAMIC_NO_PIC = NO;
				GCC_NO_COMMON_BLOCKS = YES;
				GCC_OPTIMIZATION_LEVEL = 0;
				GCC_PREPROCESSOR_DEFINITIONS = (
					"DEBUG=1",
					"$(inherited)",
				);
				GCC_WARN_64_TO_32_BIT_CONVERSION = YES;
				GCC_WARN_ABOUT_RETURN_TYPE = YES_ERROR;
				GCC_WARN_UNDECLARED_SELECTOR = YES;
				GCC_WARN_UNINITIALIZED_AUTOS = YES_AGGRESSIVE;
				GCC_WARN_UNUSED_FUNCTION = YES;
				GCC_WARN_UNUSED_VARIABLE = YES;
				IPHONEOS_DEPLOYMENT_TARGET = 18.0;
				LOCALIZATION_PREFERS_STRING_CATALOGS = YES;
				MTL_ENABLE_DEBUG_INFO = INCLUDE_SOURCE;
				MTL_FAST_MATH = YES;
				ONLY_ACTIVE_ARCH = YES;
				SDKROOT = iphoneos;
				SWIFT_ACTIVE_COMPILATION_CONDITIONS = "DEBUG $(inherited)";
				SWIFT_OPTIMIZATION_LEVEL = "-Onone";
			};
			name = Debug;
		};
		0A15768D2CA459AF00EE99BC /* Release */ = {
			isa = XCBuildConfiguration;
			buildSettings = {
				ALWAYS_SEARCH_USER_PATHS = NO;
				ASSETCATALOG_COMPILER_GENERATE_SWIFT_ASSET_SYMBOL_EXTENSIONS = YES;
				CLANG_ANALYZER_NONNULL = YES;
				CLANG_ANALYZER_NUMBER_OBJECT_CONVERSION = YES_AGGRESSIVE;
				CLANG_CXX_LANGUAGE_STANDARD = "gnu++20";
				CLANG_ENABLE_MODULES = YES;
				CLANG_ENABLE_OBJC_ARC = YES;
				CLANG_ENABLE_OBJC_WEAK = YES;
				CLANG_WARN_BLOCK_CAPTURE_AUTORELEASING = YES;
				CLANG_WARN_BOOL_CONVERSION = YES;
				CLANG_WARN_COMMA = YES;
				CLANG_WARN_CONSTANT_CONVERSION = YES;
				CLANG_WARN_DEPRECATED_OBJC_IMPLEMENTATIONS = YES;
				CLANG_WARN_DIRECT_OBJC_ISA_USAGE = YES_ERROR;
				CLANG_WARN_DOCUMENTATION_COMMENTS = YES;
				CLANG_WARN_EMPTY_BODY = YES;
				CLANG_WARN_ENUM_CONVERSION = YES;
				CLANG_WARN_INFINITE_RECURSION = YES;
				CLANG_WARN_INT_CONVERSION = YES;
				CLANG_WARN_NON_LITERAL_NULL_CONVERSION = YES;
				CLANG_WARN_OBJC_IMPLICIT_RETAIN_SELF = YES;
				CLANG_WARN_OBJC_LITERAL_CONVERSION = YES;
				CLANG_WARN_OBJC_ROOT_CLASS = YES_ERROR;
				CLANG_WARN_QUOTED_INCLUDE_IN_FRAMEWORK_HEADER = YES;
				CLANG_WARN_RANGE_LOOP_ANALYSIS = YES;
				CLANG_WARN_STRICT_PROTOTYPES = YES;
				CLANG_WARN_SUSPICIOUS_MOVE = YES;
				CLANG_WARN_UNGUARDED_AVAILABILITY = YES_AGGRESSIVE;
				CLANG_WARN_UNREACHABLE_CODE = YES;
				CLANG_WARN__DUPLICATE_METHOD_MATCH = YES;
				COPY_PHASE_STRIP = NO;
				DEBUG_INFORMATION_FORMAT = "dwarf-with-dsym";
				ENABLE_NS_ASSERTIONS = NO;
				ENABLE_STRICT_OBJC_MSGSEND = YES;
				ENABLE_USER_SCRIPT_SANDBOXING = YES;
				GCC_C_LANGUAGE_STANDARD = gnu17;
				GCC_NO_COMMON_BLOCKS = YES;
				GCC_WARN_64_TO_32_BIT_CONVERSION = YES;
				GCC_WARN_ABOUT_RETURN_TYPE = YES_ERROR;
				GCC_WARN_UNDECLARED_SELECTOR = YES;
				GCC_WARN_UNINITIALIZED_AUTOS = YES_AGGRESSIVE;
				GCC_WARN_UNUSED_FUNCTION = YES;
				GCC_WARN_UNUSED_VARIABLE = YES;
				IPHONEOS_DEPLOYMENT_TARGET = 18.0;
				LOCALIZATION_PREFERS_STRING_CATALOGS = YES;
				MTL_ENABLE_DEBUG_INFO = NO;
				MTL_FAST_MATH = YES;
				SDKROOT = iphoneos;
				SWIFT_COMPILATION_MODE = wholemodule;
				VALIDATE_PRODUCT = YES;
			};
			name = Release;
		};
		0A15768F2CA459AF00EE99BC /* Debug */ = {
			isa = XCBuildConfiguration;
			buildSettings = {
				ASSETCATALOG_COMPILER_APPICON_NAME = AppIcon;
				ASSETCATALOG_COMPILER_GLOBAL_ACCENT_COLOR_NAME = AccentColor;
				CODE_SIGN_IDENTITY = "Apple Development";
				CODE_SIGN_STYLE = Automatic;
				CURRENT_PROJECT_VERSION = 1;
				DEVELOPMENT_ASSET_PATHS = "\"GreenJourney/Preview Content\"";
				DEVELOPMENT_TEAM = 84G86C8P4S;
				EAGER_LINKING = NO;
				ENABLE_PREVIEWS = YES;
				GENERATE_INFOPLIST_FILE = YES;
				INFOPLIST_FILE = GreenJourney/Info.plist;
				INFOPLIST_KEY_NSLocalNetworkUsageDescription = "local network access";
				INFOPLIST_KEY_UIApplicationSceneManifest_Generation = YES;
				INFOPLIST_KEY_UIApplicationSupportsIndirectInputEvents = YES;
				INFOPLIST_KEY_UIRequiresFullScreen = YES;
				INFOPLIST_KEY_UIStatusBarStyle = "";
				INFOPLIST_KEY_UISupportedInterfaceOrientations = UIInterfaceOrientationPortrait;
				INFOPLIST_KEY_UISupportedInterfaceOrientations_iPad = "UIInterfaceOrientationLandscapeLeft UIInterfaceOrientationLandscapeRight UIInterfaceOrientationPortrait UIInterfaceOrientationPortraitUpsideDown";
				IPHONEOS_DEPLOYMENT_TARGET = 18.0;
				LD_RUNPATH_SEARCH_PATHS = (
					"$(inherited)",
					"@executable_path/Frameworks",
				);
				MARKETING_VERSION = 1.0;
				PRODUCT_BUNDLE_IDENTIFIER = it.polimi.dima.GreenJourney.app;
				PRODUCT_NAME = "$(TARGET_NAME)";
				PROVISIONING_PROFILE_SPECIFIER = "";
				SUPPORTED_PLATFORMS = "iphoneos iphonesimulator";
				SUPPORTS_MACCATALYST = NO;
				SUPPORTS_XR_DESIGNED_FOR_IPHONE_IPAD = NO;
				SWIFT_EMIT_LOC_STRINGS = YES;
				SWIFT_VERSION = 5.0;
				TARGETED_DEVICE_FAMILY = "1,2";
			};
			name = Debug;
		};
		0A1576902CA459AF00EE99BC /* Release */ = {
			isa = XCBuildConfiguration;
			buildSettings = {
				ASSETCATALOG_COMPILER_APPICON_NAME = AppIcon;
				ASSETCATALOG_COMPILER_GLOBAL_ACCENT_COLOR_NAME = AccentColor;
				CODE_SIGN_IDENTITY = "Apple Development";
				CODE_SIGN_STYLE = Automatic;
				CURRENT_PROJECT_VERSION = 1;
				DEVELOPMENT_ASSET_PATHS = "\"GreenJourney/Preview Content\"";
				DEVELOPMENT_TEAM = 84G86C8P4S;
				EAGER_LINKING = NO;
				ENABLE_PREVIEWS = YES;
				ENABLE_TESTABILITY = NO;
				GENERATE_INFOPLIST_FILE = YES;
				INFOPLIST_FILE = GreenJourney/Info.plist;
				INFOPLIST_KEY_NSLocalNetworkUsageDescription = "local network access";
				INFOPLIST_KEY_UIApplicationSceneManifest_Generation = YES;
				INFOPLIST_KEY_UIApplicationSupportsIndirectInputEvents = YES;
				INFOPLIST_KEY_UIRequiresFullScreen = YES;
				INFOPLIST_KEY_UIStatusBarStyle = "";
				INFOPLIST_KEY_UISupportedInterfaceOrientations = UIInterfaceOrientationPortrait;
				INFOPLIST_KEY_UISupportedInterfaceOrientations_iPad = "UIInterfaceOrientationLandscapeLeft UIInterfaceOrientationLandscapeRight UIInterfaceOrientationPortrait UIInterfaceOrientationPortraitUpsideDown";
				IPHONEOS_DEPLOYMENT_TARGET = 18.0;
				LD_RUNPATH_SEARCH_PATHS = (
					"$(inherited)",
					"@executable_path/Frameworks",
				);
				MARKETING_VERSION = 1.0;
				PRODUCT_BUNDLE_IDENTIFIER = it.polimi.dima.GreenJourney.app;
				PRODUCT_NAME = "$(TARGET_NAME)";
				PROVISIONING_PROFILE_SPECIFIER = "";
				SUPPORTED_PLATFORMS = "iphoneos iphonesimulator";
				SUPPORTS_MACCATALYST = NO;
				SUPPORTS_XR_DESIGNED_FOR_IPHONE_IPAD = NO;
				SWIFT_EMIT_LOC_STRINGS = YES;
				SWIFT_VERSION = 5.0;
				TARGETED_DEVICE_FAMILY = "1,2";
			};
			name = Release;
		};
		0AB2AA862D63E08000FDF38D /* Debug */ = {
			isa = XCBuildConfiguration;
			buildSettings = {
				"CODE_SIGN_IDENTITY[sdk=macosx*]" = "Apple Development";
				CODE_SIGN_STYLE = Automatic;
				CURRENT_PROJECT_VERSION = 1;
				DEVELOPMENT_TEAM = XJ5P7VB699;
				GENERATE_INFOPLIST_FILE = YES;
				IPHONEOS_DEPLOYMENT_TARGET = 18.0;
				MARKETING_VERSION = 1.0;
				PRODUCT_BUNDLE_IDENTIFIER = it.polimi.dima.GreenJourney.GreenJourneyUITests1;
				PRODUCT_NAME = "$(TARGET_NAME)";
				SWIFT_EMIT_LOC_STRINGS = NO;
				SWIFT_VERSION = 5.0;
				TARGETED_DEVICE_FAMILY = "1,2";
				TEST_TARGET_NAME = GreenJourney;
			};
			name = Debug;
		};
		0AB2AA872D63E08000FDF38D /* Release */ = {
			isa = XCBuildConfiguration;
			buildSettings = {
				"CODE_SIGN_IDENTITY[sdk=macosx*]" = "Apple Development";
				CODE_SIGN_STYLE = Automatic;
				CURRENT_PROJECT_VERSION = 1;
				DEVELOPMENT_TEAM = XJ5P7VB699;
				GENERATE_INFOPLIST_FILE = YES;
				IPHONEOS_DEPLOYMENT_TARGET = 18.0;
				MARKETING_VERSION = 1.0;
				PRODUCT_BUNDLE_IDENTIFIER = it.polimi.dima.GreenJourney.GreenJourneyUITests1;
				PRODUCT_NAME = "$(TARGET_NAME)";
				SWIFT_EMIT_LOC_STRINGS = NO;
				SWIFT_VERSION = 5.0;
				TARGETED_DEVICE_FAMILY = "1,2";
				TEST_TARGET_NAME = GreenJourney;
			};
			name = Release;
		};
		0ACDE0E42D6F0A1300BF912B /* Debug */ = {
			isa = XCBuildConfiguration;
			buildSettings = {
				BUNDLE_LOADER = "$(TEST_HOST)";
				CODE_SIGN_STYLE = Automatic;
				CURRENT_PROJECT_VERSION = 1;
				DEVELOPMENT_TEAM = XJ5P7VB699;
				GENERATE_INFOPLIST_FILE = YES;
				IPHONEOS_DEPLOYMENT_TARGET = 18.0;
				MARKETING_VERSION = 1.0;
				PRODUCT_BUNDLE_IDENTIFIER = it.polimi.dima.GreenJourney.GreenJourneyIntegrationTests;
				PRODUCT_NAME = "$(TARGET_NAME)";
				SWIFT_EMIT_LOC_STRINGS = NO;
				SWIFT_VERSION = 5.0;
				TARGETED_DEVICE_FAMILY = "1,2";
				TEST_HOST = "$(BUILT_PRODUCTS_DIR)/GreenJourney.app/$(BUNDLE_EXECUTABLE_FOLDER_PATH)/GreenJourney";
			};
			name = Debug;
		};
		0ACDE0E52D6F0A1300BF912B /* Release */ = {
			isa = XCBuildConfiguration;
			buildSettings = {
				BUNDLE_LOADER = "$(TEST_HOST)";
				CODE_SIGN_STYLE = Automatic;
				CURRENT_PROJECT_VERSION = 1;
				DEVELOPMENT_TEAM = XJ5P7VB699;
				GENERATE_INFOPLIST_FILE = YES;
				IPHONEOS_DEPLOYMENT_TARGET = 18.0;
				MARKETING_VERSION = 1.0;
				PRODUCT_BUNDLE_IDENTIFIER = it.polimi.dima.GreenJourney.GreenJourneyIntegrationTests;
				PRODUCT_NAME = "$(TARGET_NAME)";
				SWIFT_EMIT_LOC_STRINGS = NO;
				SWIFT_VERSION = 5.0;
				TARGETED_DEVICE_FAMILY = "1,2";
				TEST_HOST = "$(BUILT_PRODUCTS_DIR)/GreenJourney.app/$(BUNDLE_EXECUTABLE_FOLDER_PATH)/GreenJourney";
			};
			name = Release;
		};
		0AD1F0512D099709001A8464 /* Debug */ = {
			isa = XCBuildConfiguration;
			buildSettings = {
				BUNDLE_LOADER = "$(TEST_HOST)";
				CODE_SIGN_STYLE = Automatic;
				CURRENT_PROJECT_VERSION = 1;
				DEVELOPMENT_TEAM = XJ5P7VB699;
				GENERATE_INFOPLIST_FILE = YES;
				IPHONEOS_DEPLOYMENT_TARGET = 18.0;
				MARKETING_VERSION = 1.0;
				PRODUCT_BUNDLE_IDENTIFIER = it.polimi.dima.GreenJourney.GreenJourneyTests;
				PRODUCT_NAME = "$(TARGET_NAME)";
				SWIFT_EMIT_LOC_STRINGS = NO;
				SWIFT_VERSION = 5.0;
				TARGETED_DEVICE_FAMILY = "1,2";
				TEST_HOST = "$(BUILT_PRODUCTS_DIR)/GreenJourney.app/$(BUNDLE_EXECUTABLE_FOLDER_PATH)/GreenJourney";
			};
			name = Debug;
		};
		0AD1F0522D099709001A8464 /* Release */ = {
			isa = XCBuildConfiguration;
			buildSettings = {
				BUNDLE_LOADER = "$(TEST_HOST)";
				CODE_SIGN_STYLE = Automatic;
				CURRENT_PROJECT_VERSION = 1;
				DEVELOPMENT_TEAM = XJ5P7VB699;
				GENERATE_INFOPLIST_FILE = YES;
				IPHONEOS_DEPLOYMENT_TARGET = 18.0;
				MARKETING_VERSION = 1.0;
				PRODUCT_BUNDLE_IDENTIFIER = it.polimi.dima.GreenJourney.GreenJourneyTests;
				PRODUCT_NAME = "$(TARGET_NAME)";
				SWIFT_EMIT_LOC_STRINGS = NO;
				SWIFT_VERSION = 5.0;
				TARGETED_DEVICE_FAMILY = "1,2";
				TEST_HOST = "$(BUILT_PRODUCTS_DIR)/GreenJourney.app/$(BUNDLE_EXECUTABLE_FOLDER_PATH)/GreenJourney";
			};
			name = Release;
		};
/* End XCBuildConfiguration section */

/* Begin XCConfigurationList section */
		0A15767B2CA459AC00EE99BC /* Build configuration list for PBXProject "GreenJourney" */ = {
			isa = XCConfigurationList;
			buildConfigurations = (
				0A15768C2CA459AF00EE99BC /* Debug */,
				0A15768D2CA459AF00EE99BC /* Release */,
			);
			defaultConfigurationIsVisible = 0;
			defaultConfigurationName = Release;
		};
		0A15768E2CA459AF00EE99BC /* Build configuration list for PBXNativeTarget "GreenJourney" */ = {
			isa = XCConfigurationList;
			buildConfigurations = (
				0A15768F2CA459AF00EE99BC /* Debug */,
				0A1576902CA459AF00EE99BC /* Release */,
			);
			defaultConfigurationIsVisible = 0;
			defaultConfigurationName = Release;
		};
		0AB2AA852D63E08000FDF38D /* Build configuration list for PBXNativeTarget "GreenJourneyUITests" */ = {
			isa = XCConfigurationList;
			buildConfigurations = (
				0AB2AA862D63E08000FDF38D /* Debug */,
				0AB2AA872D63E08000FDF38D /* Release */,
			);
			defaultConfigurationIsVisible = 0;
			defaultConfigurationName = Release;
		};
		0ACDE0E32D6F0A1300BF912B /* Build configuration list for PBXNativeTarget "GreenJourneyIntegrationTests" */ = {
			isa = XCConfigurationList;
			buildConfigurations = (
				0ACDE0E42D6F0A1300BF912B /* Debug */,
				0ACDE0E52D6F0A1300BF912B /* Release */,
			);
			defaultConfigurationIsVisible = 0;
			defaultConfigurationName = Release;
		};
		0AD1F0502D099709001A8464 /* Build configuration list for PBXNativeTarget "GreenJourneyUnitTests" */ = {
			isa = XCConfigurationList;
			buildConfigurations = (
				0AD1F0512D099709001A8464 /* Debug */,
				0AD1F0522D099709001A8464 /* Release */,
			);
			defaultConfigurationIsVisible = 0;
			defaultConfigurationName = Release;
		};
/* End XCConfigurationList section */

/* Begin XCRemoteSwiftPackageReference section */
		428DEFB42CCB95220054AB9C /* XCRemoteSwiftPackageReference "firebase-ios-sdk" */ = {
			isa = XCRemoteSwiftPackageReference;
			repositoryURL = "https://github.com/firebase/firebase-ios-sdk";
			requirement = {
				kind = upToNextMajorVersion;
				minimumVersion = 11.4.0;
			};
		};
		42B7F6BC2CDA1169006AB516 /* XCRemoteSwiftPackageReference "GoogleSignIn-iOS" */ = {
			isa = XCRemoteSwiftPackageReference;
			repositoryURL = "https://github.com/google/GoogleSignIn-iOS";
			requirement = {
				kind = upToNextMajorVersion;
				minimumVersion = 8.0.0;
			};
		};
/* End XCRemoteSwiftPackageReference section */

/* Begin XCSwiftPackageProductDependency section */
		0AB2AA882D63E08A00FDF38D /* FirebaseAuth */ = {
			isa = XCSwiftPackageProductDependency;
			package = 428DEFB42CCB95220054AB9C /* XCRemoteSwiftPackageReference "firebase-ios-sdk" */;
			productName = FirebaseAuth;
		};
		0AB2AA8A2D63E09000FDF38D /* GoogleSignIn */ = {
			isa = XCSwiftPackageProductDependency;
			package = 42B7F6BC2CDA1169006AB516 /* XCRemoteSwiftPackageReference "GoogleSignIn-iOS" */;
			productName = GoogleSignIn;
		};
		428DEFB52CCB95220054AB9C /* FirebaseAnalytics */ = {
			isa = XCSwiftPackageProductDependency;
			package = 428DEFB42CCB95220054AB9C /* XCRemoteSwiftPackageReference "firebase-ios-sdk" */;
			productName = FirebaseAnalytics;
		};
		42B7F6BD2CDA1169006AB516 /* GoogleSignIn */ = {
			isa = XCSwiftPackageProductDependency;
			package = 42B7F6BC2CDA1169006AB516 /* XCRemoteSwiftPackageReference "GoogleSignIn-iOS" */;
			productName = GoogleSignIn;
		};
		42B7F6BF2CDA1169006AB516 /* GoogleSignInSwift */ = {
			isa = XCSwiftPackageProductDependency;
			package = 42B7F6BC2CDA1169006AB516 /* XCRemoteSwiftPackageReference "GoogleSignIn-iOS" */;
			productName = GoogleSignInSwift;
		};
		42EA5EAC2CCBF7540080B8F8 /* FirebaseAuth */ = {
			isa = XCSwiftPackageProductDependency;
			package = 428DEFB42CCB95220054AB9C /* XCRemoteSwiftPackageReference "firebase-ios-sdk" */;
			productName = FirebaseAuth;
		};
/* End XCSwiftPackageProductDependency section */
	};
	rootObject = 0A1576782CA459AC00EE99BC /* Project object */;
}
