<?xml version="1.0" encoding="UTF-8"?>
<Scheme
   LastUpgradeVersion = "1610"
   version = "1.7">
   <BuildAction
      parallelizeBuildables = "YES"
      buildImplicitDependencies = "YES"
      buildArchitectures = "Automatic">
      <BuildActionEntries>
         <BuildActionEntry
            buildForTesting = "YES"
            buildForRunning = "YES"
            buildForProfiling = "YES"
            buildForArchiving = "YES"
            buildForAnalyzing = "YES">
            <BuildableReference
               BuildableIdentifier = "primary"
               BlueprintIdentifier = "0A15767F2CA459AC00EE99BC"
               BuildableName = "GreenJourney.app"
               BlueprintName = "GreenJourney"
               ReferencedContainer = "container:GreenJourney.xcodeproj">
            </BuildableReference>
         </BuildActionEntry>
      </BuildActionEntries>
   </BuildAction>
   <TestAction
      buildConfiguration = "Debug"
      selectedDebuggerIdentifier = "Xcode.DebuggerFoundation.Debugger.LLDB"
      selectedLauncherIdentifier = "Xcode.DebuggerFoundation.Launcher.LLDB"
      shouldUseLaunchSchemeArgsEnv = "YES">
      <TestPlans>
         <TestPlanReference
            reference = "container:IntegrationTestPlan.xctestplan">
         </TestPlanReference>
         <TestPlanReference
            reference = "container:UnitTestPlan.xctestplan"
            default = "YES">
         </TestPlanReference>
         <TestPlanReference
            reference = "container:UITestPlan.xctestplan">
         </TestPlanReference>
         <TestPlanReference
            reference = "container:CompleteTestPlan.xctestplan">
         </TestPlanReference>
      </TestPlans>
      <Testables>
         <TestableReference
            skipped = "NO"
            parallelizable = "NO">
            <BuildableReference
               BuildableIdentifier = "primary"
               BlueprintIdentifier = "0AD1F0492D099709001A8464"
               BuildableName = "GreenJourneyUnitTests.xctest"
               BlueprintName = "GreenJourneyUnitTests"
               ReferencedContainer = "container:GreenJourney.xcodeproj">
            </BuildableReference>
         </TestableReference>
         <TestableReference
            skipped = "NO"
            parallelizable = "YES">
            <BuildableReference
               BuildableIdentifier = "primary"
               BlueprintIdentifier = "0AB2AA7C2D63E08000FDF38D"
               BuildableName = "GreenJourneyUITests.xctest"
               BlueprintName = "GreenJourneyUITests"
               ReferencedContainer = "container:GreenJourney.xcodeproj">
            </BuildableReference>
         </TestableReference>
         <TestableReference
            skipped = "YES"
            parallelizable = "YES">
            <BuildableReference
               BuildableIdentifier = "primary"
               BlueprintIdentifier = "0ACDE0DC2D6F0A1300BF912B"
               BuildableName = "GreenJourneyIntegrationTests.xctest"
               BlueprintName = "GreenJourneyIntegrationTests"
               ReferencedContainer = "container:GreenJourney.xcodeproj">
            </BuildableReference>
         </TestableReference>
         <TestableReference
            skipped = "NO"
            parallelizable = "YES">
            <BuildableReference
               BuildableIdentifier = "primary"
               BlueprintIdentifier = "0A0677FD2D9FF16B003F78F1"
               BuildableName = "CompleteTestPlan.xctest"
               BlueprintName = "CompleteTestPlan"
               ReferencedContainer = "container:GreenJourney.xcodeproj">
            </BuildableReference>
         </TestableReference>
      </Testables>
   </TestAction>
   <LaunchAction
      buildConfiguration = "Debug"
      selectedDebuggerIdentifier = "Xcode.DebuggerFoundation.Debugger.LLDB"
      selectedLauncherIdentifier = "Xcode.DebuggerFoundation.Launcher.LLDB"
      launchStyle = "0"
      useCustomWorkingDirectory = "NO"
      ignoresPersistentStateOnLaunch = "NO"
      debugDocumentVersioning = "YES"
      debugServiceExtension = "internal"
      allowLocationSimulation = "YES">
      <BuildableProductRunnable
         runnableDebuggingMode = "0">
         <BuildableReference
            BuildableIdentifier = "primary"
            BlueprintIdentifier = "0A15767F2CA459AC00EE99BC"
            BuildableName = "GreenJourney.app"
            BlueprintName = "GreenJourney"
            ReferencedContainer = "container:GreenJourney.xcodeproj">
         </BuildableReference>
      </BuildableProductRunnable>
   </LaunchAction>
   <ProfileAction
      buildConfiguration = "Release"
      shouldUseLaunchSchemeArgsEnv = "YES"
      savedToolIdentifier = ""
      useCustomWorkingDirectory = "NO"
      debugDocumentVersioning = "YES">
      <BuildableProductRunnable
         runnableDebuggingMode = "0">
         <BuildableReference
            BuildableIdentifier = "primary"
            BlueprintIdentifier = "0A15767F2CA459AC00EE99BC"
            BuildableName = "GreenJourney.app"
            BlueprintName = "GreenJourney"
            ReferencedContainer = "container:GreenJourney.xcodeproj">
         </BuildableReference>
      </BuildableProductRunnable>
   </ProfileAction>
   <AnalyzeAction
      buildConfiguration = "Debug">
   </AnalyzeAction>
   <ArchiveAction
      buildConfiguration = "Release"
      revealArchiveInOrganizer = "YES">
   </ArchiveAction>
</Scheme>
